
Microsoft Visual Studio Solution File, Format Version 9.00
# Visual Studio 2005
Project("{FAE04EC0-301F-11D3-BF4B-00C04F79EFBC}") = "PBCtrl", "PBCtrl.csproj", "{7166B711-C11E-413B-A56F-3B06A365F225}"
	ProjectSection(WebsiteProperties) = preProject
		Debug.AspNetCompiler.Debug = "True"
		Release.AspNetCompiler.Debug = "False"
	EndProjectSection
EndProject
Project("{FAE04EC0-301F-11D3-BF4B-00C04F79EFBC}") = "TestStub", "TestStub\TestStub.csproj", "{8CCA6241-1A39-4987-B808-FDE15DF1D91C}"
	ProjectSection(WebsiteProperties) = preProject
		Debug.AspNetCompiler.Debug = "True"
		Release.AspNetCompiler.Debug = "False"
	EndProjectSection
EndProject
Global
	GlobalSection(SolutionConfigurationPlatforms) = preSolution
		Debug|Any CPU = Debug|Any CPU
		Release|Any CPU = Release|Any CPU
	EndGlobalSection
	GlobalSection(ProjectConfigurationPlatforms) = postSolution
		{7166B711-C11E-413B-A56F-3B06A365F225}.Debug|Any CPU.ActiveCfg = Debug|Any CPU
		{7166B711-C11E-413B-A56F-3B06A365F225}.Debug|Any CPU.Build.0 = Debug|Any CPU
		{7166B711-C11E-413B-A56F-3B06A365F225}.Release|Any CPU.ActiveCfg = Release|Any CPU
		{7166B711-C11E-413B-A56F-3B06A365F225}.Release|Any CPU.Build.0 = Release|Any CPU
		{8CCA6241-1A39-4987-B808-FDE15DF1D91C}.Debug|Any CPU.ActiveCfg = Debug|Any CPU
		{8CCA6241-1A39-4987-B808-FDE15DF1D91C}.Debug|Any CPU.Build.0 = Debug|Any CPU
		{8CCA6241-1A39-4987-B808-FDE15DF1D91C}.Release|Any CPU.ActiveCfg = Release|Any CPU
		{8CCA6241-1A39-4987-B808-FDE15DF1D91C}.Release|Any CPU.Build.0 = Release|Any CPU
	EndGlobalSection
	GlobalSection(SolutionProperties) = preSolution
		HideSolutionNode = FALSE
	EndGlobalSection
EndGlobal
